Microsoft Visual Studio Solution File, Format Version 12.00
# Visual Studio Version 17
VisualStudioVersion = 17.5.2.0
MinimumVisualStudioVersion = 10.0.40219.1
Project("{FAE04EC0-301F-11D3-BF4B-00C04F79EFBC}") = "csharp_practice", "csharp_practice.csproj", "{DEDD209E-9F5E-5CAB-9132-89ABB1F74E9F}"
EndProject
Global
	GlobalSection(SolutionConfigurationPlatforms) = preSolution
		Debug|Any CPU = Debug|Any CPU
		Release|Any CPU = Release|Any CPU
	EndGlobalSection
	GlobalSection(ProjectConfigurationPlatforms) = postSolution
		{DEDD209E-9F5E-5CAB-9132-89ABB1F74E9F}.Debug|Any CPU.ActiveCfg = Debug|Any CPU
		{DEDD209E-9F5E-5CAB-9132-89ABB1F74E9F}.Debug|Any CPU.Build.0 = Debug|Any CPU
		{DEDD209E-9F5E-5CAB-9132-89ABB1F74E9F}.Release|Any CPU.ActiveCfg = Release|Any CPU
		{DEDD209E-9F5E-5CAB-9132-89ABB1F74E9F}.Release|Any CPU.Build.0 = Release|Any CPU
	EndGlobalSection
	GlobalSection(SolutionProperties) = preSolution
		HideSolutionNode = FALSE
	EndGlobalSection
	GlobalSection(ExtensibilityGlobals) = postSolution
		SolutionGuid = {FBCA04F9-02E8-40BF-80CB-0D9AED1583D2}
	EndGlobalSection
EndGlobal
